
Microsoft Visual Studio Solution File, Format Version 12.00
# Visual Studio Version 16
VisualStudioVersion = 16.0.31019.35
MinimumVisualStudioVersion = 10.0.40219.1
Project("{FAE04EC0-301F-11D3-BF4B-00C04F79EFBC}") = "EJERCICIO1", "EJERCICIO1.csproj", "{8B23C555-2D76-4F3E-8648-B1A39A045FDC}"
EndProject
Global
	GlobalSection(SolutionConfigurationPlatforms) = preSolution
		Debug|Any CPU = Debug|Any CPU
		Release|Any CPU = Release|Any CPU
	EndGlobalSection
	GlobalSection(ProjectConfigurationPlatforms) = postSolution
		{8B23C555-2D76-4F3E-8648-B1A39A045FDC}.Debug|Any CPU.ActiveCfg = Debug|Any CPU
		{8B23C555-2D76-4F3E-8648-B1A39A045FDC}.Debug|Any CPU.Build.0 = Debug|Any CPU
		{8B23C555-2D76-4F3E-8648-B1A39A045FDC}.Release|Any CPU.ActiveCfg = Release|Any CPU
		{8B23C555-2D76-4F3E-8648-B1A39A045FDC}.Release|Any CPU.Build.0 = Release|Any CPU
	EndGlobalSection
	GlobalSection(SolutionProperties) = preSolution
		HideSolutionNode = FALSE
	EndGlobalSection
	GlobalSection(ExtensibilityGlobals) = postSolution
		SolutionGuid = {766944CD-FAC8-44B1-9E5C-D1A2EE9A8587}
	EndGlobalSection
EndGlobal
